Microsoft Visual Studio Solution File, Format Version 12.00
# Visual Studio Version 16
VisualStudioVersion = 16.0.30128.74
MinimumVisualStudioVersion = 10.0.40219.1
Project("{9A19103F-16F7-4668-BE54-9A1E7A4F7556}") = "SystemCommonLibrary", "SystemCommonLibrary\SystemCommonLibrary.csproj", "{89358976-E10B-41EB-90B5-5720B836DD01}"
EndProject
Project("{9A19103F-16F7-4668-BE54-9A1E7A4F7556}") = "SystemCommonLibrary.AspNetCore", "SystemCommonLibrary.AspNetCore\SystemCommonLibrary.AspNetCore.csproj", "{BC7907BD-A47C-4FCB-B88F-409EF4608188}"
EndProject
Project("{9A19103F-16F7-4668-BE54-9A1E7A4F7556}") = "UnitTest", "UnitTest\UnitTest.csproj", "{0A11847A-F556-4375-B12D-F4D83CB43594}"
EndProject
Project("{FAE04EC0-301F-11D3-BF4B-00C04F79EFBC}") = "SystemCommonLibrary.Data", "SystemCommonLibrary.Data\SystemCommonLibrary.Data.csproj", "{AFB619BC-3878-4953-8820-32EF665B7166}"
EndProject
Global
	GlobalSection(SolutionConfigurationPlatforms) = preSolution
		Debug|Any CPU = Debug|Any CPU
		Release|Any CPU = Release|Any CPU
	EndGlobalSection
	GlobalSection(ProjectConfigurationPlatforms) = postSolution
		{89358976-E10B-41EB-90B5-5720B836DD01}.Debug|Any CPU.ActiveCfg = Debug|Any CPU
		{89358976-E10B-41EB-90B5-5720B836DD01}.Debug|Any CPU.Build.0 = Debug|Any CPU
		{89358976-E10B-41EB-90B5-5720B836DD01}.Release|Any CPU.ActiveCfg = Release|Any CPU
		{89358976-E10B-41EB-90B5-5720B836DD01}.Release|Any CPU.Build.0 = Release|Any CPU
		{BC7907BD-A47C-4FCB-B88F-409EF4608188}.Debug|Any CPU.ActiveCfg = Debug|Any CPU
		{BC7907BD-A47C-4FCB-B88F-409EF4608188}.Debug|Any CPU.Build.0 = Debug|Any CPU
		{BC7907BD-A47C-4FCB-B88F-409EF4608188}.Release|Any CPU.ActiveCfg = Release|Any CPU
		{BC7907BD-A47C-4FCB-B88F-409EF4608188}.Release|Any CPU.Build.0 = Release|Any CPU
		{0A11847A-F556-4375-B12D-F4D83CB43594}.Debug|Any CPU.ActiveCfg = Debug|Any CPU
		{0A11847A-F556-4375-B12D-F4D83CB43594}.Debug|Any CPU.Build.0 = Debug|Any CPU
		{0A11847A-F556-4375-B12D-F4D83CB43594}.Release|Any CPU.ActiveCfg = Release|Any CPU
		{0A11847A-F556-4375-B12D-F4D83CB43594}.Release|Any CPU.Build.0 = Release|Any CPU
		{AFB619BC-3878-4953-8820-32EF665B7166}.Debug|Any CPU.ActiveCfg = Debug|Any CPU
		{AFB619BC-3878-4953-8820-32EF665B7166}.Debug|Any CPU.Build.0 = Debug|Any CPU
		{AFB619BC-3878-4953-8820-32EF665B7166}.Release|Any CPU.ActiveCfg = Release|Any CPU
		{AFB619BC-3878-4953-8820-32EF665B7166}.Release|Any CPU.Build.0 = Release|Any CPU
	EndGlobalSection
	GlobalSection(SolutionProperties) = preSolution
		HideSolutionNode = FALSE
	EndGlobalSection
	GlobalSection(ExtensibilityGlobals) = postSolution
		SolutionGuid = {B40FBDF1-37D3-4403-BF9F-0DD526DBBA73}
	EndGlobalSection
EndGlobal
